# THIS IS AN AUTOGENERATED FILE. DO NOT EDIT THIS FILE DIRECTLY.
# yarn lockfile v1


"@xterm/addon-search@^0.15.0":
  version "0.15.0"
  resolved "https://registry.yarnpkg.com/@xterm/addon-search/-/addon-search-0.15.0.tgz#5c772d5f14c26546c4bfbeb0c3d4b3333057411f"
  integrity sha512-ZBZKLQ+EuKE83CqCmSSz5y1tx+aNOCUaA7dm6emgOX+8J9H1FWXZyrKfzjwzV+V14TV3xToz1goIeRhXBS5qjg==
